
Microsoft Visual Studio Solution File, Format Version 12.00
# Visual Studio Version 17
VisualStudioVersion = 17.2.32519.379
MinimumVisualStudioVersion = 10.0.40219.1
Project("{F184B08F-C81C-45F6-A57F-5ABD9991F28F}") = "MediaPlayer", "MediaPlayer\MediaPlayer.vbproj", "{24667438-DD81-4668-8024-36F23D2557A0}"
EndProject
Global
	GlobalSection(SolutionConfigurationPlatforms) = preSolution
		Debug|Any CPU = Debug|Any CPU
		Release|Any CPU = Release|Any CPU
	EndGlobalSection
	GlobalSection(ProjectConfigurationPlatforms) = postSolution
		{24667438-DD81-4668-8024-36F23D2557A0}.Debug|Any CPU.ActiveCfg = Debug|Any CPU
		{24667438-DD81-4668-8024-36F23D2557A0}.Debug|Any CPU.Build.0 = Debug|Any CPU
		{24667438-DD81-4668-8024-36F23D2557A0}.Release|Any CPU.ActiveCfg = Release|Any CPU
		{24667438-DD81-4668-8024-36F23D2557A0}.Release|Any CPU.Build.0 = Release|Any CPU
	EndGlobalSection
	GlobalSection(SolutionProperties) = preSolution
		HideSolutionNode = FALSE
	EndGlobalSection
	GlobalSection(ExtensibilityGlobals) = postSolution
		SolutionGuid = {32478605-2FFB-4A78-999C-51A5FCEC9776}
	EndGlobalSection
EndGlobal
